
Microsoft Visual Studio Solution File, Format Version 12.00
# Visual Studio Version 17
VisualStudioVersion = 17.14.36518.9 d17.14
MinimumVisualStudioVersion = 10.0.40219.1
Project("{FAE04EC0-301F-11D3-BF4B-00C04F79EFBC}") = "Api", "Api\Api.csproj", "{CC436696-A8BE-44C2-80CC-C1EC33BFF046}"
EndProject
Project("{FAE04EC0-301F-11D3-BF4B-00C04F79EFBC}") = "Application", "Application\Application.csproj", "{9058183F-11D9-470B-A429-4236B55B09DF}"
EndProject
Project("{FAE04EC0-301F-11D3-BF4B-00C04F79EFBC}") = "Domain", "Domain\Domain.csproj", "{E5EE0386-9737-4CEA-8456-ED03E3C4A087}"
EndProject
Project("{FAE04EC0-301F-11D3-BF4B-00C04F79EFBC}") = "Infrastructure", "Infrastructure\Infrastructure.csproj", "{BED73B27-1A46-443E-9317-8EA97832CA1E}"
EndProject
Global
	GlobalSection(SolutionConfigurationPlatforms) = preSolution
		Debug|Any CPU = Debug|Any CPU
		Release|Any CPU = Release|Any CPU
	EndGlobalSection
	GlobalSection(ProjectConfigurationPlatforms) = postSolution
		{CC436696-A8BE-44C2-80CC-C1EC33BFF046}.Debug|Any CPU.ActiveCfg = Debug|Any CPU
		{CC436696-A8BE-44C2-80CC-C1EC33BFF046}.Debug|Any CPU.Build.0 = Debug|Any CPU
		{CC436696-A8BE-44C2-80CC-C1EC33BFF046}.Release|Any CPU.ActiveCfg = Release|Any CPU
		{CC436696-A8BE-44C2-80CC-C1EC33BFF046}.Release|Any CPU.Build.0 = Release|Any CPU
		{9058183F-11D9-470B-A429-4236B55B09DF}.Debug|Any CPU.ActiveCfg = Debug|Any CPU
		{9058183F-11D9-470B-A429-4236B55B09DF}.Debug|Any CPU.Build.0 = Debug|Any CPU
		{9058183F-11D9-470B-A429-4236B55B09DF}.Release|Any CPU.ActiveCfg = Release|Any CPU
		{9058183F-11D9-470B-A429-4236B55B09DF}.Release|Any CPU.Build.0 = Release|Any CPU
		{E5EE0386-9737-4CEA-8456-ED03E3C4A087}.Debug|Any CPU.ActiveCfg = Debug|Any CPU
		{E5EE0386-9737-4CEA-8456-ED03E3C4A087}.Debug|Any CPU.Build.0 = Debug|Any CPU
		{E5EE0386-9737-4CEA-8456-ED03E3C4A087}.Release|Any CPU.ActiveCfg = Release|Any CPU
		{E5EE0386-9737-4CEA-8456-ED03E3C4A087}.Release|Any CPU.Build.0 = Release|Any CPU
		{BED73B27-1A46-443E-9317-8EA97832CA1E}.Debug|Any CPU.ActiveCfg = Debug|Any CPU
		{BED73B27-1A46-443E-9317-8EA97832CA1E}.Debug|Any CPU.Build.0 = Debug|Any CPU
		{BED73B27-1A46-443E-9317-8EA97832CA1E}.Release|Any CPU.ActiveCfg = Release|Any CPU
		{BED73B27-1A46-443E-9317-8EA97832CA1E}.Release|Any CPU.Build.0 = Release|Any CPU
	EndGlobalSection
	GlobalSection(SolutionProperties) = preSolution
		HideSolutionNode = FALSE
	EndGlobalSection
	GlobalSection(ExtensibilityGlobals) = postSolution
		SolutionGuid = {C2724F92-65D3-4EFB-8F3A-E6CA1EEAF937}
	EndGlobalSection
EndGlobal
